
Microsoft Visual Studio Solution File, Format Version 12.00
# Visual Studio Version 17
VisualStudioVersion = 17.5.33516.290
MinimumVisualStudioVersion = 10.0.40219.1
Project("{FAE04EC0-301F-11D3-BF4B-00C04F79EFBC}") = "Eva_UrrutiaLucas", "Eva_UrrutiaLucas\Eva_UrrutiaLucas.csproj", "{D1764130-4363-403E-8F21-6181C0645A1F}"
EndProject
Project("{FAE04EC0-301F-11D3-BF4B-00C04F79EFBC}") = "MedidorModel", "MedidorModel\MedidorModel.csproj", "{F1442AED-05FE-443D-9B7F-761059521747}"
EndProject
Project("{FAE04EC0-301F-11D3-BF4B-00C04F79EFBC}") = "ServidorSocketUtils", "ServidorSocketUtils\ServidorSocketUtils.csproj", "{EB5FDD5D-3A5E-434C-9587-48459DC9D4D1}"
EndProject
Global
	GlobalSection(SolutionConfigurationPlatforms) = preSolution
		Debug|Any CPU = Debug|Any CPU
		Release|Any CPU = Release|Any CPU
	EndGlobalSection
	GlobalSection(ProjectConfigurationPlatforms) = postSolution
		{D1764130-4363-403E-8F21-6181C0645A1F}.Debug|Any CPU.ActiveCfg = Debug|Any CPU
		{D1764130-4363-403E-8F21-6181C0645A1F}.Debug|Any CPU.Build.0 = Debug|Any CPU
		{D1764130-4363-403E-8F21-6181C0645A1F}.Release|Any CPU.ActiveCfg = Release|Any CPU
		{D1764130-4363-403E-8F21-6181C0645A1F}.Release|Any CPU.Build.0 = Release|Any CPU
		{F1442AED-05FE-443D-9B7F-761059521747}.Debug|Any CPU.ActiveCfg = Debug|Any CPU
		{F1442AED-05FE-443D-9B7F-761059521747}.Debug|Any CPU.Build.0 = Debug|Any CPU
		{F1442AED-05FE-443D-9B7F-761059521747}.Release|Any CPU.ActiveCfg = Release|Any CPU
		{F1442AED-05FE-443D-9B7F-761059521747}.Release|Any CPU.Build.0 = Release|Any CPU
		{EB5FDD5D-3A5E-434C-9587-48459DC9D4D1}.Debug|Any CPU.ActiveCfg = Debug|Any CPU
		{EB5FDD5D-3A5E-434C-9587-48459DC9D4D1}.Debug|Any CPU.Build.0 = Debug|Any CPU
		{EB5FDD5D-3A5E-434C-9587-48459DC9D4D1}.Release|Any CPU.ActiveCfg = Release|Any CPU
		{EB5FDD5D-3A5E-434C-9587-48459DC9D4D1}.Release|Any CPU.Build.0 = Release|Any CPU
	EndGlobalSection
	GlobalSection(SolutionProperties) = preSolution
		HideSolutionNode = FALSE
	EndGlobalSection
	GlobalSection(ExtensibilityGlobals) = postSolution
		SolutionGuid = {4B6A1301-CBE5-4CBC-8916-CD3401288B0C}
	EndGlobalSection
EndGlobal
